
Microsoft Visual Studio Solution File, Format Version 12.00
# Visual Studio Version 16
VisualStudioVersion = 16.0.31005.135
MinimumVisualStudioVersion = 10.0.40219.1
Project("{FAE04EC0-301F-11D3-BF4B-00C04F79EFBC}") = "StringBuilder", "StringBuilder.csproj", "{B947E125-0DC9-426E-A26F-4548D5B578EC}"
EndProject
Global
	GlobalSection(SolutionConfigurationPlatforms) = preSolution
		Debug|Any CPU = Debug|Any CPU
		Release|Any CPU = Release|Any CPU
	EndGlobalSection
	GlobalSection(ProjectConfigurationPlatforms) = postSolution
		{B947E125-0DC9-426E-A26F-4548D5B578EC}.Debug|Any CPU.ActiveCfg = Debug|Any CPU
		{B947E125-0DC9-426E-A26F-4548D5B578EC}.Debug|Any CPU.Build.0 = Debug|Any CPU
		{B947E125-0DC9-426E-A26F-4548D5B578EC}.Release|Any CPU.ActiveCfg = Release|Any CPU
		{B947E125-0DC9-426E-A26F-4548D5B578EC}.Release|Any CPU.Build.0 = Release|Any CPU
	EndGlobalSection
	GlobalSection(SolutionProperties) = preSolution
		HideSolutionNode = FALSE
	EndGlobalSection
	GlobalSection(ExtensibilityGlobals) = postSolution
		SolutionGuid = {392A1B22-3C47-4322-ABE8-6028734C510B}
	EndGlobalSection
EndGlobal
